
Microsoft Visual Studio Solution File, Format Version 12.00
# Visual Studio 15
Project("{FAE04EC0-301F-11D3-BF4B-00C04F79EFBC}") = "Practice01", "Practice01\Practice01.csproj", "{EB683FC6-4C55-4987-B136-6123E038305A}"
EndProject
Global
	GlobalSection(SolutionConfigurationPlatforms) = preSolution
		Debug|Any CPU = Debug|Any CPU
		Release|Any CPU = Release|Any CPU
	EndGlobalSection
	GlobalSection(ProjectConfigurationPlatforms) = postSolution
		{EB683FC6-4C55-4987-B136-6123E038305A}.Debug|Any CPU.ActiveCfg = Debug|Any CPU
		{EB683FC6-4C55-4987-B136-6123E038305A}.Debug|Any CPU.Build.0 = Debug|Any CPU
		{EB683FC6-4C55-4987-B136-6123E038305A}.Release|Any CPU.ActiveCfg = Release|Any CPU
		{EB683FC6-4C55-4987-B136-6123E038305A}.Release|Any CPU.Build.0 = Release|Any CPU
	EndGlobalSection
EndGlobal
